// !$*UTF8*$!
{
	archiveVersion = 1;
	classes = {
	};
	objectVersion = 56;
	objects = {

/* Begin PBXBuildFile section */
		8E5C842F29632FEC0063C0A4 /* ContactListSuiApp.swift in Sources */ = {isa = PBXBuildFile; fileRef = 8E5C842E29632FEC0063C0A4 /* ContactListSuiApp.swift */; };
		8E5C843129632FEC0063C0A4 /* ContentView.swift in Sources */ = {isa = PBXBuildFile; fileRef = 8E5C843029632FEC0063C0A4 /* ContentView.swift */; };
		8E5C843329632FEE0063C0A4 /* Assets.xcassets in Resources */ = {isa = PBXBuildFile; fileRef = 8E5C843229632FEE0063C0A4 /* Assets.xcassets */; };
		8E5C843629632FEE0063C0A4 /* Preview Assets.xcassets in Resources */ = {isa = PBXBuildFile; fileRef = 8E5C843529632FEE0063C0A4 /* Preview Assets.xcassets */; };
		8E5C843D2963419D0063C0A4 /* ContactListView.swift in Sources */ = {isa = PBXBuildFile; fileRef = 8E5C843C2963419D0063C0A4 /* ContactListView.swift */; };
		8E5C843F296342080063C0A4 /* DetailedContactListView.swift in Sources */ = {isa = PBXBuildFile; fileRef = 8E5C843E296342080063C0A4 /* DetailedContactListView.swift */; };
		8E5C84412963631E0063C0A4 /* ContactDetailsView.swift in Sources */ = {isa = PBXBuildFile; fileRef = 8E5C84402963631E0063C0A4 /* ContactDetailsView.swift */; };
		8E5C8443296374980063C0A4 /* Person.swift in Sources */ = {isa = PBXBuildFile; fileRef = 8E5C8442296374980063C0A4 /* Person.swift */; };
		8E5C8445296375E60063C0A4 /* DataManager.swift in Sources */ = {isa = PBXBuildFile; fileRef = 8E5C8444296375E60063C0A4 /* DataManager.swift */; };
/* End PBXBuildFile section */

/* Begin PBXFileReference section */
		8E5C842B29632FEC0063C0A4 /* ContactListSui.app */ = {isa = PBXFileReference; explicitFileType = wrapper.application; includeInIndex = 0; path = ContactListSui.app; sourceTree = BUILT_PRODUCTS_DIR; };
		8E5C842E29632FEC0063C0A4 /* ContactListSuiApp.swift */ = {isa = PBXFileReference; lastKnownFileType = sourcecode.swift; path = ContactListSuiApp.swift; sourceTree = "<group>"; };
		8E5C843029632FEC0063C0A4 /* ContentView.swift */ = {isa = PBXFileReference; lastKnownFileType = sourcecode.swift; path = ContentView.swift; sourceTree = "<group>"; };
		8E5C843229632FEE0063C0A4 /* Assets.xcassets */ = {isa = PBXFileReference; lastKnownFileType = folder.assetcatalog; path = Assets.xcassets; sourceTree = "<group>"; };
		8E5C843529632FEE0063C0A4 /* Preview Assets.xcassets */ = {isa = PBXFileReference; lastKnownFileType = folder.assetcatalog; path = "Preview Assets.xcassets"; sourceTree = "<group>"; };
		8E5C843C2963419D0063C0A4 /* ContactListView.swift */ = {isa = PBXFileReference; lastKnownFileType = sourcecode.swift; path = ContactListView.swift; sourceTree = "<group>"; };
		8E5C843E296342080063C0A4 /* DetailedContactListView.swift */ = {isa = PBXFileReference; lastKnownFileType = sourcecode.swift; path = DetailedContactListView.swift; sourceTree = "<group>"; };
		8E5C84402963631E0063C0A4 /* ContactDetailsView.swift */ = {isa = PBXFileReference; lastKnownFileType = sourcecode.swift; path = ContactDetailsView.swift; sourceTree = "<group>"; };
		8E5C8442296374980063C0A4 /* Person.swift */ = {isa = PBXFileReference; lastKnownFileType = sourcecode.swift; path = Person.swift; sourceTree = "<group>"; };
		8E5C8444296375E60063C0A4 /* DataManager.swift */ = {isa = PBXFileReference; lastKnownFileType = sourcecode.swift; path = DataManager.swift; sourceTree = "<group>"; };
/* End PBXFileReference section */

/* Begin PBXFrameworksBuildPhase section */
		8E5C842829632FEC0063C0A4 /* Frameworks */ = {
			isa = PBXFrameworksBuildPhase;
			buildActionMask = 2147483647;
			files = (
			);
			runOnlyForDeploymentPostprocessing = 0;
		};
/* End PBXFrameworksBuildPhase section */

/* Begin PBXGroup section */
		8E5C842229632FEC0063C0A4 = {
			isa = PBXGroup;
			children = (
				8E5C842D29632FEC0063C0A4 /* ContactListSui */,
				8E5C842C29632FEC0063C0A4 /* Products */,
			);
			sourceTree = "<group>";
		};
		8E5C842C29632FEC0063C0A4 /* Products */ = {
			isa = PBXGroup;
			children = (
				8E5C842B29632FEC0063C0A4 /* ContactListSui.app */,
			);
			name = Products;
			sourceTree = "<group>";
		};
		8E5C842D29632FEC0063C0A4 /* ContactListSui */ = {
			isa = PBXGroup;
			children = (
				8E5C8442296374980063C0A4 /* Person.swift */,
				8E5C8444296375E60063C0A4 /* DataManager.swift */,
				8E5C842E29632FEC0063C0A4 /* ContactListSuiApp.swift */,
				8E5C843029632FEC0063C0A4 /* ContentView.swift */,
				8E5C843C2963419D0063C0A4 /* ContactListView.swift */,
				8E5C84402963631E0063C0A4 /* ContactDetailsView.swift */,
				8E5C843E296342080063C0A4 /* DetailedContactListView.swift */,
				8E5C843229632FEE0063C0A4 /* Assets.xcassets */,
				8E5C843429632FEE0063C0A4 /* Preview Content */,
			);
			path = ContactListSui;
			sourceTree = "<group>";
		};
		8E5C843429632FEE0063C0A4 /* Preview Content */ = {
			isa = PBXGroup;
			children = (
				8E5C843529632FEE0063C0A4 /* Preview Assets.xcassets */,
			);
			path = "Preview Content";
			sourceTree = "<group>";
		};
/* End PBXGroup section */

/* Begin PBXNativeTarget section */
		8E5C842A29632FEC0063C0A4 /* ContactListSui */ = {
			isa = PBXNativeTarget;
			buildConfigurationList = 8E5C843929632FEE0063C0A4 /* Build configuration list for PBXNativeTarget "ContactListSui" */;
			buildPhases = (
				8E5C842729632FEC0063C0A4 /* Sources */,
				8E5C842829632FEC0063C0A4 /* Frameworks */,
				8E5C842929632FEC0063C0A4 /* Resources */,
			);
			buildRules = (
			);
			dependencies = (
			);
			name = ContactListSui;
			productName = ContactListSui;
			productReference = 8E5C842B29632FEC0063C0A4 /* ContactListSui.app */;
			productType = "com.apple.product-type.application";
		};
/* End PBXNativeTarget section */

/* Begin PBXProject section */
		8E5C842329632FEC0063C0A4 /* Project object */ = {
			isa = PBXProject;
			attributes = {
				BuildIndependentTargetsInParallel = 1;
				LastSwiftUpdateCheck = 1420;
				LastUpgradeCheck = 1420;
				TargetAttributes = {
					8E5C842A29632FEC0063C0A4 = {
						CreatedOnToolsVersion = 14.2;
					};
				};
			};
			buildConfigurationList = 8E5C842629632FEC0063C0A4 /* Build configuration list for PBXProject "ContactListSui" */;
			compatibilityVersion = "Xcode 14.0";
			developmentRegion = en;
			hasScannedForEncodings = 0;
			knownRegions = (
				en,
				Base,
			);
			mainGroup = 8E5C842229632FEC0063C0A4;
			productRefGroup = 8E5C842C29632FEC0063C0A4 /* Products */;
			projectDirPath = "";
			projectRoot = "";
			targets = (
				8E5C842A29632FEC0063C0A4 /* ContactListSui */,
			);
		};
/* End PBXProject section */

/* Begin PBXResourcesBuildPhase section */
		8E5C842929632FEC0063C0A4 /* Resources */ = {
			isa = PBXResourcesBuildPhase;
			buildActionMask = 2147483647;
			files = (
				8E5C843629632FEE0063C0A4 /* Preview Assets.xcassets in Resources */,
				8E5C843329632FEE0063C0A4 /* Assets.xcassets in Resources */,
			);
			runOnlyForDeploymentPostprocessing = 0;
		};
/* End PBXResourcesBuildPhase section */

/* Begin PBXSourcesBuildPhase section */
		8E5C842729632FEC0063C0A4 /* Sources */ = {
			isa = PBXSourcesBuildPhase;
			buildActionMask = 2147483647;
			files = (
				8E5C8443296374980063C0A4 /* Person.swift in Sources */,
				8E5C84412963631E0063C0A4 /* ContactDetailsView.swift in Sources */,
				8E5C8445296375E60063C0A4 /* DataManager.swift in Sources */,
				8E5C843F296342080063C0A4 /* DetailedContactListView.swift in Sources */,
				8E5C843D2963419D0063C0A4 /* ContactListView.swift in Sources */,
				8E5C843129632FEC0063C0A4 /* ContentView.swift in Sources */,
				8E5C842F29632FEC0063C0A4 /* ContactListSuiApp.swift in Sources */,
			);
			runOnlyForDeploymentPostprocessing = 0;
		};
/* End PBXSourcesBuildPhase section */

/* Begin XCBuildConfiguration section */
		8E5C843729632FEE0063C0A4 /* Debug */ = {
			isa = XCBuildConfiguration;
			buildSettings = {
				ALWAYS_SEARCH_USER_PATHS = NO;
				CLANG_ANALYZER_NONNULL = YES;
				CLANG_ANALYZER_NUMBER_OBJECT_CONVERSION = YES_AGGRESSIVE;
				CLANG_CXX_LANGUAGE_STANDARD = "gnu++20";
				CLANG_ENABLE_MODULES = YES;
				CLANG_ENABLE_OBJC_ARC = YES;
				CLANG_ENABLE_OBJC_WEAK = YES;
				CLANG_WARN_BLOCK_CAPTURE_AUTORELEASING = YES;
				CLANG_WARN_BOOL_CONVERSION = YES;
				CLANG_WARN_COMMA = YES;
				CLANG_WARN_CONSTANT_CONVERSION = YES;
				CLANG_WARN_DEPRECATED_OBJC_IMPLEMENTATIONS = YES;
				CLANG_WARN_DIRECT_OBJC_ISA_USAGE = YES_ERROR;
				CLANG_WARN_DOCUMENTATION_COMMENTS = YES;
				CLANG_WARN_EMPTY_BODY = YES;
				CLANG_WARN_ENUM_CONVERSION = YES;
				CLANG_WARN_INFINITE_RECURSION = YES;
				CLANG_WARN_INT_CONVERSION = YES;
				CLANG_WARN_NON_LITERAL_NULL_CONVERSION = YES;
				CLANG_WARN_OBJC_IMPLICIT_RETAIN_SELF = YES;
				CLANG_WARN_OBJC_LITERAL_CONVERSION = YES;
				CLANG_WARN_OBJC_ROOT_CLASS = YES_ERROR;
				CLANG_WARN_QUOTED_INCLUDE_IN_FRAMEWORK_HEADER = YES;
				CLANG_WARN_RANGE_LOOP_ANALYSIS = YES;
				CLANG_WARN_STRICT_PROTOTYPES = YES;
				CLANG_WARN_SUSPICIOUS_MOVE = YES;
				CLANG_WARN_UNGUARDED_AVAILABILITY = YES_AGGRESSIVE;
				CLANG_WARN_UNREACHABLE_CODE = YES;
				CLANG_WARN__DUPLICATE_METHOD_MATCH = YES;
				COPY_PHASE_STRIP = NO;
				DEBUG_INFORMATION_FORMAT = dwarf;
				ENABLE_STRICT_OBJC_MSGSEND = YES;
				ENABLE_TESTABILITY = YES;
				GCC_C_LANGUAGE_STANDARD = gnu11;
				GCC_DYNAMIC_NO_PIC = NO;
				GCC_NO_COMMON_BLOCKS = YES;
				GCC_OPTIMIZATION_LEVEL = 0;
				GCC_PREPROCESSOR_DEFINITIONS = (
					"DEBUG=1",
					"$(inherited)",
				);
				GCC_WARN_64_TO_32_BIT_CONVERSION = YES;
				GCC_WARN_ABOUT_RETURN_TYPE = YES_ERROR;
				GCC_WARN_UNDECLARED_SELECTOR = YES;
				GCC_WARN_UNINITIALIZED_AUTOS = YES_AGGRESSIVE;
				GCC_WARN_UNUSED_FUNCTION = YES;
				GCC_WARN_UNUSED_VARIABLE = YES;
				IPHONEOS_DEPLOYMENT_TARGET = 16.2;
				MTL_ENABLE_DEBUG_INFO = INCLUDE_SOURCE;
				MTL_FAST_MATH = YES;
				ONLY_ACTIVE_ARCH = YES;
				SDKROOT = iphoneos;
				SWIFT_ACTIVE_COMPILATION_CONDITIONS = DEBUG;
				SWIFT_OPTIMIZATION_LEVEL = "-Onone";
			};
			name = Debug;
		};
		8E5C843829632FEE0063C0A4 /* Release */ = {
			isa = XCBuildConfiguration;
			buildSettings = {
				ALWAYS_SEARCH_USER_PATHS = NO;
				CLANG_ANALYZER_NONNULL = YES;
				CLANG_ANALYZER_NUMBER_OBJECT_CONVERSION = YES_AGGRESSIVE;
				CLANG_CXX_LANGUAGE_STANDARD = "gnu++20";
				CLANG_ENABLE_MODULES = YES;
				CLANG_ENABLE_OBJC_ARC = YES;
				CLANG_ENABLE_OBJC_WEAK = YES;
				CLANG_WARN_BLOCK_CAPTURE_AUTORELEASING = YES;
				CLANG_WARN_BOOL_CONVERSION = YES;
				CLANG_WARN_COMMA = YES;
				CLANG_WARN_CONSTANT_CONVERSION = YES;
				CLANG_WARN_DEPRECATED_OBJC_IMPLEMENTATIONS = YES;
				CLANG_WARN_DIRECT_OBJC_ISA_USAGE = YES_ERROR;
				CLANG_WARN_DOCUMENTATION_COMMENTS = YES;
				CLANG_WARN_EMPTY_BODY = YES;
				CLANG_WARN_ENUM_CONVERSION = YES;
				CLANG_WARN_INFINITE_RECURSION = YES;
				CLANG_WARN_INT_CONVERSION = YES;
				CLANG_WARN_NON_LITERAL_NULL_CONVERSION = YES;
				CLANG_WARN_OBJC_IMPLICIT_RETAIN_SELF = YES;
				CLANG_WARN_OBJC_LITERAL_CONVERSION = YES;
				CLANG_WARN_OBJC_ROOT_CLASS = YES_ERROR;
				CLANG_WARN_QUOTED_INCLUDE_IN_FRAMEWORK_HEADER = YES;
				CLANG_WARN_RANGE_LOOP_ANALYSIS = YES;
				CLANG_WARN_STRICT_PROTOTYPES = YES;
				CLANG_WARN_SUSPICIOUS_MOVE = YES;
				CLANG_WARN_UNGUARDED_AVAILABILITY = YES_AGGRESSIVE;
				CLANG_WARN_UNREACHABLE_CODE = YES;
				CLANG_WARN__DUPLICATE_METHOD_MATCH = YES;
				COPY_PHASE_STRIP = NO;
				DEBUG_INFORMATION_FORMAT = "dwarf-with-dsym";
				ENABLE_NS_ASSERTIONS = NO;
				ENABLE_STRICT_OBJC_MSGSEND = YES;
				GCC_C_LANGUAGE_STANDARD = gnu11;
				GCC_NO_COMMON_BLOCKS = YES;
				GCC_WARN_64_TO_32_BIT_CONVERSION = YES;
				GCC_WARN_ABOUT_RETURN_TYPE = YES_ERROR;
				GCC_WARN_UNDECLARED_SELECTOR = YES;
				GCC_WARN_UNINITIALIZED_AUTOS = YES_AGGRESSIVE;
				GCC_WARN_UNUSED_FUNCTION = YES;
				GCC_WARN_UNUSED_VARIABLE = YES;
				IPHONEOS_DEPLOYMENT_TARGET = 16.2;
				MTL_ENABLE_DEBUG_INFO = NO;
				MTL_FAST_MATH = YES;
				SDKROOT = iphoneos;
				SWIFT_COMPILATION_MODE = wholemodule;
				SWIFT_OPTIMIZATION_LEVEL = "-O";
				VALIDATE_PRODUCT = YES;
			};
			name = Release;
		};
		8E5C843A29632FEE0063C0A4 /* Debug */ = {
			isa = XCBuildConfiguration;
			buildSettings = {
				ASSETCATALOG_COMPILER_APPICON_NAME = AppIcon;
				ASSETCATALOG_COMPILER_GLOBAL_ACCENT_COLOR_NAME = AccentColor;
				CODE_SIGN_STYLE = Automatic;
				CURRENT_PROJECT_VERSION = 1;
				DEVELOPMENT_ASSET_PATHS = "\"ContactListSui/Preview Content\"";
				DEVELOPMENT_TEAM = Q7H84WAXJV;
				ENABLE_PREVIEWS = YES;
				GENERATE_INFOPLIST_FILE = YES;
				INFOPLIST_KEY_UIApplicationSceneManifest_Generation = YES;
				INFOPLIST_KEY_UIApplicationSupportsIndirectInputEvents = YES;
				INFOPLIST_KEY_UILaunchScreen_Generation = YES;
				INFOPLIST_KEY_UISupportedInterfaceOrientations_iPad = "UIInterfaceOrientationPortrait UIInterfaceOrientationPortraitUpsideDown UIInterfaceOrientationLandscapeLeft UIInterfaceOrientationLandscapeRight";
				INFOPLIST_KEY_UISupportedInterfaceOrientations_iPhone = "UIInterfaceOrientationPortrait UIInterfaceOrientationLandscapeLeft UIInterfaceOrientationLandscapeRight";
				LD_RUNPATH_SEARCH_PATHS = (
					"$(inherited)",
					"@executable_path/Frameworks",
				);
				MARKETING_VERSION = 1.0;
				PRODUCT_BUNDLE_IDENTIFIER = hiirari.ContactListSui;
				PRODUCT_NAME = "$(TARGET_NAME)";
				SWIFT_EMIT_LOC_STRINGS = YES;
				SWIFT_VERSION = 5.0;
				TARGETED_DEVICE_FAMILY = "1,2";
			};
			name = Debug;
		};
		8E5C843B29632FEE0063C0A4 /* Release */ = {
			isa = XCBuildConfiguration;
			buildSettings = {
				ASSETCATALOG_COMPILER_APPICON_NAME = AppIcon;
				ASSETCATALOG_COMPILER_GLOBAL_ACCENT_COLOR_NAME = AccentColor;
				CODE_SIGN_STYLE = Automatic;
				CURRENT_PROJECT_VERSION = 1;
				DEVELOPMENT_ASSET_PATHS = "\"ContactListSui/Preview Content\"";
				DEVELOPMENT_TEAM = Q7H84WAXJV;
				ENABLE_PREVIEWS = YES;
				GENERATE_INFOPLIST_FILE = YES;
				INFOPLIST_KEY_UIApplicationSceneManifest_Generation = YES;
				INFOPLIST_KEY_UIApplicationSupportsIndirectInputEvents = YES;
				INFOPLIST_KEY_UILaunchScreen_Generation = YES;
				INFOPLIST_KEY_UISupportedInterfaceOrientations_iPad = "UIInterfaceOrientationPortrait UIInterfaceOrientationPortraitUpsideDown UIInterfaceOrientationLandscapeLeft UIInterfaceOrientationLandscapeRight";
				INFOPLIST_KEY_UISupportedInterfaceOrientations_iPhone = "UIInterfaceOrientationPortrait UIInterfaceOrientationLandscapeLeft UIInterfaceOrientationLandscapeRight";
				LD_RUNPATH_SEARCH_PATHS = (
					"$(inherited)",
					"@executable_path/Frameworks",
				);
				MARKETING_VERSION = 1.0;
				PRODUCT_BUNDLE_IDENTIFIER = hiirari.ContactListSui;
				PRODUCT_NAME = "$(TARGET_NAME)";
				SWIFT_EMIT_LOC_STRINGS = YES;
				SWIFT_VERSION = 5.0;
				TARGETED_DEVICE_FAMILY = "1,2";
			};
			name = Release;
		};
/* End XCBuildConfiguration section */

/* Begin XCConfigurationList section */
		8E5C842629632FEC0063C0A4 /* Build configuration list for PBXProject "ContactListSui" */ = {
			isa = XCConfigurationList;
			buildConfigurations = (
				8E5C843729632FEE0063C0A4 /* Debug */,
				8E5C843829632FEE0063C0A4 /* Release */,
			);
			defaultConfigurationIsVisible = 0;
			defaultConfigurationName = Release;
		};
		8E5C843929632FEE0063C0A4 /* Build configuration list for PBXNativeTarget "ContactListSui" */ = {
			isa = XCConfigurationList;
			buildConfigurations = (
				8E5C843A29632FEE0063C0A4 /* Debug */,
				8E5C843B29632FEE0063C0A4 /* Release */,
			);
			defaultConfigurationIsVisible = 0;
			defaultConfigurationName = Release;
		};
/* End XCConfigurationList section */
	};
	rootObject = 8E5C842329632FEC0063C0A4 /* Project object */;
}
